// !$*UTF8*$!
{
	archiveVersion = 1;
	classes = {
	};
	objectVersion = 46;
	objects = {

/* Begin PBXBuildFile section */
		040385F81778C08000166686 /* UIKit.framework in Frameworks */ = {isa = PBXBuildFile; fileRef = 040385F71778C08000166686 /* UIKit.framework */; };
		040385FA1778C08000166686 /* Foundation.framework in Frameworks */ = {isa = PBXBuildFile; fileRef = 040385F91778C08000166686 /* Foundation.framework */; };
		040385FC1778C08000166686 /* CoreGraphics.framework in Frameworks */ = {isa = PBXBuildFile; fileRef = 040385FB1778C08000166686 /* CoreGraphics.framework */; };
		040385FE1778C08000166686 /* CoreData.framework in Frameworks */ = {isa = PBXBuildFile; fileRef = 040385FD1778C08000166686 /* CoreData.framework */; };
		040386041778C08000166686 /* InfoPlist.strings in Resources */ = {isa = PBXBuildFile; fileRef = 040386021778C08000166686 /* InfoPlist.strings */; };
		040386061778C08000166686 /* main.m in Sources */ = {isa = PBXBuildFile; fileRef = 040386051778C08000166686 /* main.m */; };
		0403860A1778C08000166686 /* TMAppDelegate.m in Sources */ = {isa = PBXBuildFile; fileRef = 040386091778C08000166686 /* TMAppDelegate.m */; };
		0403860C1778C08000166686 /* Default.png in Resources */ = {isa = PBXBuildFile; fileRef = 0403860B1778C08000166686 /* Default.png */; };
		0403860E1778C08000166686 /* Default@2x.png in Resources */ = {isa = PBXBuildFile; fileRef = 0403860D1778C08000166686 /* Default@2x.png */; };
		040386101778C08000166686 /* Default-568h@2x.png in Resources */ = {isa = PBXBuildFile; fileRef = 0403860F1778C08000166686 /* Default-568h@2x.png */; };
		040386131778C08000166686 /* TimingMate_v2.xcdatamodeld in Sources */ = {isa = PBXBuildFile; fileRef = 040386111778C08000166686 /* TimingMate_v2.xcdatamodeld */; };
		0403861C1778C71900166686 /* TMTaskViewController.m in Sources */ = {isa = PBXBuildFile; fileRef = 0403861B1778C71900166686 /* TMTaskViewController.m */; };
		040386211778D35A00166686 /* TMTaskViewController.xib in Resources */ = {isa = PBXBuildFile; fileRef = 040386201778D35A00166686 /* TMTaskViewController.xib */; };
		040386291778F30A00166686 /* add.png in Resources */ = {isa = PBXBuildFile; fileRef = 040386221778F30A00166686 /* add.png */; };
		0403862A1778F30A00166686 /* lessInfo.png in Resources */ = {isa = PBXBuildFile; fileRef = 040386231778F30A00166686 /* lessInfo.png */; };
		0403862B1778F30A00166686 /* List-icon.png in Resources */ = {isa = PBXBuildFile; fileRef = 040386241778F30A00166686 /* List-icon.png */; };
		0403862C1778F30A00166686 /* media-play.png in Resources */ = {isa = PBXBuildFile; fileRef = 040386251778F30A00166686 /* media-play.png */; };
		0403862D1778F30A00166686 /* moreInfo.png in Resources */ = {isa = PBXBuildFile; fileRef = 040386261778F30A00166686 /* moreInfo.png */; };
		0403862E1778F30A00166686 /* progressBar.png in Resources */ = {isa = PBXBuildFile; fileRef = 040386271778F30A00166686 /* progressBar.png */; };
		0403862F1778F30A00166686 /* Timeline-List-Grid-List-icon.png in Resources */ = {isa = PBXBuildFile; fileRef = 040386281778F30A00166686 /* Timeline-List-Grid-List-icon.png */; };
		040386411779145B00166686 /* DDMenuController.m in Sources */ = {isa = PBXBuildFile; fileRef = 040386401779145B00166686 /* DDMenuController.m */; };
		040386431779184300166686 /* QuartzCore.framework in Frameworks */ = {isa = PBXBuildFile; fileRef = 040386421779184300166686 /* QuartzCore.framework */; };
		040E5C3A177FAA7900EEE7CB /* TMGlobal.m in Sources */ = {isa = PBXBuildFile; fileRef = 040E5C39177FAA7900EEE7CB /* TMGlobal.m */; };
		040E5C4A1780B43300EEE7CB /* engage.png in Resources */ = {isa = PBXBuildFile; fileRef = 040E5C471780B43300EEE7CB /* engage.png */; };
		040E5C4B1780B43300EEE7CB /* finish.png in Resources */ = {isa = PBXBuildFile; fileRef = 040E5C481780B43300EEE7CB /* finish.png */; };
		040E5C4C1780B43300EEE7CB /* trash.png in Resources */ = {isa = PBXBuildFile; fileRef = 040E5C491780B43300EEE7CB /* trash.png */; };
		040E5C551780EB1F00EEE7CB /* TMTimer.m in Sources */ = {isa = PBXBuildFile; fileRef = 040E5C541780EB1E00EEE7CB /* TMTimer.m */; };
		040E5C5717810F9F00EEE7CB /* victory_small.png in Resources */ = {isa = PBXBuildFile; fileRef = 040E5C5617810F9F00EEE7CB /* victory_small.png */; };
		0410841D177A834100B17949 /* cellBg.png in Resources */ = {isa = PBXBuildFile; fileRef = 0410841B177A834100B17949 /* cellBg.png */; };
		0410841E177A834100B17949 /* moreInfo_22inch.png in Resources */ = {isa = PBXBuildFile; fileRef = 0410841C177A834100B17949 /* moreInfo_22inch.png */; };
		04108423177AC9C000B17949 /* TMListsViewEditableCell.m in Sources */ = {isa = PBXBuildFile; fileRef = 04108421177AC9C000B17949 /* TMListsViewEditableCell.m */; };
		04108424177AC9C000B17949 /* TMListsViewEditableCell.xib in Resources */ = {isa = PBXBuildFile; fileRef = 04108422177AC9C000B17949 /* TMListsViewEditableCell.xib */; };
		04648328178E90AF007E0DF0 /* list_edit_btn.png in Resources */ = {isa = PBXBuildFile; fileRef = 04648327178E90AF007E0DF0 /* list_edit_btn.png */; };
		0464832A178E91A6007E0DF0 /* list_edit_btn_2.png in Resources */ = {isa = PBXBuildFile; fileRef = 04648329178E91A6007E0DF0 /* list_edit_btn_2.png */; };
		0464832C178E935E007E0DF0 /* list_done_btn.png in Resources */ = {isa = PBXBuildFile; fileRef = 0464832B178E935E007E0DF0 /* list_done_btn.png */; };
		0464832E178E9B13007E0DF0 /* icon.png in Resources */ = {isa = PBXBuildFile; fileRef = 0464832D178E9B13007E0DF0 /* icon.png */; };
		04648334178E9C27007E0DF0 /* icon_57 in Resources */ = {isa = PBXBuildFile; fileRef = 04648333178E9C27007E0DF0 /* icon_57 */; };
		04D9924B17A24F65006ADC74 /* arrow_1.png in Resources */ = {isa = PBXBuildFile; fileRef = 04D9924917A24F65006ADC74 /* arrow_1.png */; };
		04D9924C17A24F65006ADC74 /* arrow_2.png in Resources */ = {isa = PBXBuildFile; fileRef = 04D9924A17A24F65006ADC74 /* arrow_2.png */; };
		04D9924E17A251CB006ADC74 /* progress.png in Resources */ = {isa = PBXBuildFile; fileRef = 04D9924D17A251CB006ADC74 /* progress.png */; };
		04DBC52717A07DF6008C6BA4 /* lessInfo_22inch.png in Resources */ = {isa = PBXBuildFile; fileRef = 04DBC52617A07DF6008C6BA4 /* lessInfo_22inch.png */; };
		04DBC52C17A07E48008C6BA4 /* TMListItem.m in Sources */ = {isa = PBXBuildFile; fileRef = 04DBC52917A07E48008C6BA4 /* TMListItem.m */; };
		04DBC52D17A07E48008C6BA4 /* TMTask.m in Sources */ = {isa = PBXBuildFile; fileRef = 04DBC52B17A07E48008C6BA4 /* TMTask.m */; };
		04DBC53417A07EB9008C6BA4 /* TMListStore.m in Sources */ = {isa = PBXBuildFile; fileRef = 04DBC52F17A07EB9008C6BA4 /* TMListStore.m */; };
		04DBC53517A07EB9008C6BA4 /* TMTaskStore.m in Sources */ = {isa = PBXBuildFile; fileRef = 04DBC53117A07EB9008C6BA4 /* TMTaskStore.m */; };
		04DBC53617A07EB9008C6BA4 /* TMViewControllerStore.m in Sources */ = {isa = PBXBuildFile; fileRef = 04DBC53317A07EB9008C6BA4 /* TMViewControllerStore.m */; };
		04DBC53A17A07EEB008C6BA4 /* TMEditTaskViewController.m in Sources */ = {isa = PBXBuildFile; fileRef = 04DBC53817A07EEB008C6BA4 /* TMEditTaskViewController.m */; };
		04DBC53B17A07EEB008C6BA4 /* TMEditTaskViewController.xib in Resources */ = {isa = PBXBuildFile; fileRef = 04DBC53917A07EEB008C6BA4 /* TMEditTaskViewController.xib */; };
		04DBC53F17A07F49008C6BA4 /* TMListViewController.m in Sources */ = {isa = PBXBuildFile; fileRef = 04DBC53D17A07F49008C6BA4 /* TMListViewController.m */; };
		04DBC54017A07F49008C6BA4 /* TMListViewController.xib in Resources */ = {isa = PBXBuildFile; fileRef = 04DBC53E17A07F49008C6BA4 /* TMListViewController.xib */; };
		04DBC54617A09DA8008C6BA4 /* TMBadgeStore.m in Sources */ = {isa = PBXBuildFile; fileRef = 04DBC54517A09DA8008C6BA4 /* TMBadgeStore.m */; };
		04DBC54917A0A154008C6BA4 /* TMBadge.m in Sources */ = {isa = PBXBuildFile; fileRef = 04DBC54817A0A154008C6BA4 /* TMBadge.m */; };
		04DBC54C17A0D53B008C6BA4 /* exceedBadge.png in Resources */ = {isa = PBXBuildFile; fileRef = 04DBC54A17A0D53B008C6BA4 /* exceedBadge.png */; };
		04DBC54D17A0D53B008C6BA4 /* withinBadge.png in Resources */ = {isa = PBXBuildFile; fileRef = 04DBC54B17A0D53B008C6BA4 /* withinBadge.png */; };
		04F373C8178CE53700550202 /* timer-start.png in Resources */ = {isa = PBXBuildFile; fileRef = 04F373C5178CE53700550202 /* timer-start.png */; };
		04F373C9178CE53700550202 /* timer-restart.png in Resources */ = {isa = PBXBuildFile; fileRef = 04F373C6178CE53700550202 /* timer-restart.png */; };
		04F373CA178CE53700550202 /* timer-stop.png in Resources */ = {isa = PBXBuildFile; fileRef = 04F373C7178CE53700550202 /* timer-stop.png */; };
		96126528178FABE500D01039 /* info_btn.png in Resources */ = {isa = PBXBuildFile; fileRef = 96126527178FABE500D01039 /* info_btn.png */; };
		9612652A178FABEE00D01039 /* smile_face_small.png in Resources */ = {isa = PBXBuildFile; fileRef = 96126529178FABEE00D01039 /* smile_face_small.png */; };
/* End PBXBuildFile section */

/* Begin PBXFileReference section */
		040385F41778C08000166686 /* TimingMate_v2.app */ = {isa = PBXFileReference; explicitFileType = wrapper.application; includeInIndex = 0; path = TimingMate_v2.app; sourceTree = BUILT_PRODUCTS_DIR; };
		040385F71778C08000166686 /* UIKit.framework */ = {isa = PBXFileReference; lastKnownFileType = wrapper.framework; name = UIKit.framework; path = System/Library/Frameworks/UIKit.framework; sourceTree = SDKROOT; };
		040385F91778C08000166686 /* Foundation.framework */ = {isa = PBXFileReference; lastKnownFileType = wrapper.framework; name = Foundation.framework; path = System/Library/Frameworks/Foundation.framework; sourceTree = SDKROOT; };
		040385FB1778C08000166686 /* CoreGraphics.framework */ = {isa = PBXFileReference; lastKnownFileType = wrapper.framework; name = CoreGraphics.framework; path = System/Library/Frameworks/CoreGraphics.framework; sourceTree = SDKROOT; };
		040385FD1778C08000166686 /* CoreData.framework */ = {isa = PBXFileReference; lastKnownFileType = wrapper.framework; name = CoreData.framework; path = System/Library/Frameworks/CoreData.framework; sourceTree = SDKROOT; };
		040386011778C08000166686 /* TimingMate_v2-Info.plist */ = {isa = PBXFileReference; lastKnownFileType = text.plist.xml; path = "TimingMate_v2-Info.plist"; sourceTree = "<group>"; };
		040386031778C08000166686 /* en */ = {isa = PBXFileReference; lastKnownFileType = text.plist.strings; name = en; path = en.lproj/InfoPlist.strings; sourceTree = "<group>"; };
		040386051778C08000166686 /* main.m */ = {isa = PBXFileReference; lastKnownFileType = sourcecode.c.objc; path = main.m; sourceTree = "<group>"; };
		040386071778C08000166686 /* TimingMate_v2-Prefix.pch */ = {isa = PBXFileReference; lastKnownFileType = sourcecode.c.h; path = "TimingMate_v2-Prefix.pch"; sourceTree = "<group>"; };
		040386081778C08000166686 /* TMAppDelegate.h */ = {isa = PBXFileReference; lastKnownFileType = sourcecode.c.h; path = TMAppDelegate.h; sourceTree = "<group>"; };
		040386091778C08000166686 /* TMAppDelegate.m */ = {isa = PBXFileReference; lastKnownFileType = sourcecode.c.objc; path = TMAppDelegate.m; sourceTree = "<group>"; };
		0403860B1778C08000166686 /* Default.png */ = {isa = PBXFileReference; lastKnownFileType = image.png; path = Default.png; sourceTree = "<group>"; };
		0403860D1778C08000166686 /* Default@2x.png */ = {isa = PBXFileReference; lastKnownFileType = image.png; path = "Default@2x.png"; sourceTree = "<group>"; };
		0403860F1778C08000166686 /* Default-568h@2x.png */ = {isa = PBXFileReference; lastKnownFileType = image.png; path = "Default-568h@2x.png"; sourceTree = "<group>"; };
		040386121778C08000166686 /* TimingMate_v2.xcdatamodel */ = {isa = PBXFileReference; lastKnownFileType = wrapper.xcdatamodel; path = TimingMate_v2.xcdatamodel; sourceTree = "<group>"; };
		040386191778C0C700166686 /* TimingMate_v2.entitlements */ = {isa = PBXFileReference; lastKnownFileType = text.xml; path = TimingMate_v2.entitlements; sourceTree = "<group>"; };
		0403861A1778C71900166686 /* TMTaskViewController.h */ = {isa = PBXFileReference; fileEncoding = 4; lastKnownFileType = sourcecode.c.h; path = TMTaskViewController.h; sourceTree = "<group>"; };
		0403861B1778C71900166686 /* TMTaskViewController.m */ = {isa = PBXFileReference; fileEncoding = 4; lastKnownFileType = sourcecode.c.objc; path = TMTaskViewController.m; sourceTree = "<group>"; };
		040386201778D35A00166686 /* TMTaskViewController.xib */ = {isa = PBXFileReference; fileEncoding = 4; lastKnownFileType = file.xib; name = TMTaskViewController.xib; path = ../TMTaskViewController.xib; sourceTree = "<group>"; };
		040386221778F30A00166686 /* add.png */ = {isa = PBXFileReference; lastKnownFileType = image.png; name = add.png; path = ../add.png; sourceTree = "<group>"; };
		040386231778F30A00166686 /* lessInfo.png */ = {isa = PBXFileReference; lastKnownFileType = image.png; name = lessInfo.png; path = ../lessInfo.png; sourceTree = "<group>"; };
		040386241778F30A00166686 /* List-icon.png */ = {isa = PBXFileReference; lastKnownFileType = image.png; name = "List-icon.png"; path = "../List-icon.png"; sourceTree = "<group>"; };
		040386251778F30A00166686 /* media-play.png */ = {isa = PBXFileReference; lastKnownFileType = image.png; name = "media-play.png"; path = "../media-play.png"; sourceTree = "<group>"; };
		040386261778F30A00166686 /* moreInfo.png */ = {isa = PBXFileReference; lastKnownFileType = image.png; name = moreInfo.png; path = ../moreInfo.png; sourceTree = "<group>"; };
		040386271778F30A00166686 /* progressBar.png */ = {isa = PBXFileReference; lastKnownFileType = image.png; name = progressBar.png; path = ../progressBar.png; sourceTree = "<group>"; };
		040386281778F30A00166686 /* Timeline-List-Grid-List-icon.png */ = {isa = PBXFileReference; lastKnownFileType = image.png; name = "Timeline-List-Grid-List-icon.png"; path = "../Timeline-List-Grid-List-icon.png"; sourceTree = "<group>"; };
		0403863F1779145B00166686 /* DDMenuController.h */ = {isa = PBXFileReference; fileEncoding = 4; lastKnownFileType = sourcecode.c.h; path = DDMenuController.h; sourceTree = "<group>"; };
		040386401779145B00166686 /* DDMenuController.m */ = {isa = PBXFileReference; fileEncoding = 4; lastKnownFileType = sourcecode.c.objc; path = DDMenuController.m; sourceTree = "<group>"; };
		040386421779184300166686 /* QuartzCore.framework */ = {isa = PBXFileReference; lastKnownFileType = wrapper.framework; name = QuartzCore.framework; path = System/Library/Frameworks/QuartzCore.framework; sourceTree = SDKROOT; };
		040E5C38177FAA7900EEE7CB /* TMGlobal.h */ = {isa = PBXFileReference; fileEncoding = 4; lastKnownFileType = sourcecode.c.h; path = TMGlobal.h; sourceTree = "<group>"; };
		040E5C39177FAA7900EEE7CB /* TMGlobal.m */ = {isa = PBXFileReference; fileEncoding = 4; lastKnownFileType = sourcecode.c.objc; path = TMGlobal.m; sourceTree = "<group>"; };
		040E5C471780B43300EEE7CB /* engage.png */ = {isa = PBXFileReference; lastKnownFileType = image.png; path = engage.png; sourceTree = "<group>"; };
		040E5C481780B43300EEE7CB /* finish.png */ = {isa = PBXFileReference; lastKnownFileType = image.png; path = finish.png; sourceTree = "<group>"; };
		040E5C491780B43300EEE7CB /* trash.png */ = {isa = PBXFileReference; lastKnownFileType = image.png; path = trash.png; sourceTree = "<group>"; };
		040E5C531780EB1D00EEE7CB /* TMTimer.h */ = {isa = PBXFileReference; fileEncoding = 4; lastKnownFileType = sourcecode.c.h; path = TMTimer.h; sourceTree = "<group>"; };
		040E5C541780EB1E00EEE7CB /* TMTimer.m */ = {isa = PBXFileReference; fileEncoding = 4; lastKnownFileType = sourcecode.c.objc; path = TMTimer.m; sourceTree = "<group>"; };
		040E5C5617810F9F00EEE7CB /* victory_small.png */ = {isa = PBXFileReference; lastKnownFileType = image.png; path = victory_small.png; sourceTree = "<group>"; };
		0410841B177A834100B17949 /* cellBg.png */ = {isa = PBXFileReference; lastKnownFileType = image.png; name = cellBg.png; path = ../cellBg.png; sourceTree = "<group>"; };
		0410841C177A834100B17949 /* moreInfo_22inch.png */ = {isa = PBXFileReference; lastKnownFileType = image.png; name = moreInfo_22inch.png; path = ../moreInfo_22inch.png; sourceTree = "<group>"; };
		04108420177AC9C000B17949 /* TMListsViewEditableCell.h */ = {isa = PBXFileReference; fileEncoding = 4; lastKnownFileType = sourcecode.c.h; path = TMListsViewEditableCell.h; sourceTree = "<group>"; };
		04108421177AC9C000B17949 /* TMListsViewEditableCell.m */ = {isa = PBXFileReference; fileEncoding = 4; lastKnownFileType = sourcecode.c.objc; path = TMListsViewEditableCell.m; sourceTree = "<group>"; };
		04108422177AC9C000B17949 /* TMListsViewEditableCell.xib */ = {isa = PBXFileReference; fileEncoding = 4; lastKnownFileType = file.xib; path = TMListsViewEditableCell.xib; sourceTree = "<group>"; };
		04648327178E90AF007E0DF0 /* list_edit_btn.png */ = {isa = PBXFileReference; lastKnownFileType = image.png; path = list_edit_btn.png; sourceTree = "<group>"; };
		04648329178E91A6007E0DF0 /* list_edit_btn_2.png */ = {isa = PBXFileReference; lastKnownFileType = image.png; path = list_edit_btn_2.png; sourceTree = "<group>"; };
		0464832B178E935E007E0DF0 /* list_done_btn.png */ = {isa = PBXFileReference; lastKnownFileType = image.png; path = list_done_btn.png; sourceTree = "<group>"; };
		0464832D178E9B13007E0DF0 /* icon.png */ = {isa = PBXFileReference; lastKnownFileType = image.png; path = icon.png; sourceTree = "<group>"; };
		04648333178E9C27007E0DF0 /* icon_57 */ = {isa = PBXFileReference; lastKnownFileType = file; name = icon_57; path = ../icon_57; sourceTree = "<group>"; };
		04D9924917A24F65006ADC74 /* arrow_1.png */ = {isa = PBXFileReference; lastKnownFileType = image.png; path = arrow_1.png; sourceTree = "<group>"; };
		04D9924A17A24F65006ADC74 /* arrow_2.png */ = {isa = PBXFileReference; lastKnownFileType = image.png; path = arrow_2.png; sourceTree = "<group>"; };
		04D9924D17A251CB006ADC74 /* progress.png */ = {isa = PBXFileReference; lastKnownFileType = image.png; path = progress.png; sourceTree = "<group>"; };
		04DBC52617A07DF6008C6BA4 /* lessInfo_22inch.png */ = {isa = PBXFileReference; lastKnownFileType = image.png; path = lessInfo_22inch.png; sourceTree = "<group>"; };
		04DBC52817A07E48008C6BA4 /* TMListItem.h */ = {isa = PBXFileReference; fileEncoding = 4; lastKnownFileType = sourcecode.c.h; path = TMListItem.h; sourceTree = "<group>"; };
		04DBC52917A07E48008C6BA4 /* TMListItem.m */ = {isa = PBXFileReference; fileEncoding = 4; lastKnownFileType = sourcecode.c.objc; path = TMListItem.m; sourceTree = "<group>"; };
		04DBC52A17A07E48008C6BA4 /* TMTask.h */ = {isa = PBXFileReference; fileEncoding = 4; lastKnownFileType = sourcecode.c.h; path = TMTask.h; sourceTree = "<group>"; };
		04DBC52B17A07E48008C6BA4 /* TMTask.m */ = {isa = PBXFileReference; fileEncoding = 4; lastKnownFileType = sourcecode.c.objc; path = TMTask.m; sourceTree = "<group>"; };
		04DBC52E17A07EB9008C6BA4 /* TMListStore.h */ = {isa = PBXFileReference; fileEncoding = 4; lastKnownFileType = sourcecode.c.h; path = TMListStore.h; sourceTree = "<group>"; };
		04DBC52F17A07EB9008C6BA4 /* TMListStore.m */ = {isa = PBXFileReference; fileEncoding = 4; lastKnownFileType = sourcecode.c.objc; path = TMListStore.m; sourceTree = "<group>"; };
		04DBC53017A07EB9008C6BA4 /* TMTaskStore.h */ = {isa = PBXFileReference; fileEncoding = 4; lastKnownFileType = sourcecode.c.h; path = TMTaskStore.h; sourceTree = "<group>"; };
		04DBC53117A07EB9008C6BA4 /* TMTaskStore.m */ = {isa = PBXFileReference; fileEncoding = 4; lastKnownFileType = sourcecode.c.objc; path = TMTaskStore.m; sourceTree = "<group>"; };
		04DBC53217A07EB9008C6BA4 /* TMViewControllerStore.h */ = {isa = PBXFileReference; fileEncoding = 4; lastKnownFileType = sourcecode.c.h; path = TMViewControllerStore.h; sourceTree = "<group>"; };
		04DBC53317A07EB9008C6BA4 /* TMViewControllerStore.m */ = {isa = PBXFileReference; fileEncoding = 4; lastKnownFileType = sourcecode.c.objc; path = TMViewControllerStore.m; sourceTree = "<group>"; };
		04DBC53717A07EEB008C6BA4 /* TMEditTaskViewController.h */ = {isa = PBXFileReference; fileEncoding = 4; lastKnownFileType = sourcecode.c.h; path = TMEditTaskViewController.h; sourceTree = "<group>"; };
		04DBC53817A07EEB008C6BA4 /* TMEditTaskViewController.m */ = {isa = PBXFileReference; fileEncoding = 4; lastKnownFileType = sourcecode.c.objc; path = TMEditTaskViewController.m; sourceTree = "<group>"; };
		04DBC53917A07EEB008C6BA4 /* TMEditTaskViewController.xib */ = {isa = PBXFileReference; fileEncoding = 4; lastKnownFileType = file.xib; path = TMEditTaskViewController.xib; sourceTree = "<group>"; };
		04DBC53C17A07F49008C6BA4 /* TMListViewController.h */ = {isa = PBXFileReference; fileEncoding = 4; lastKnownFileType = sourcecode.c.h; path = TMListViewController.h; sourceTree = "<group>"; };
		04DBC53D17A07F49008C6BA4 /* TMListViewController.m */ = {isa = PBXFileReference; fileEncoding = 4; lastKnownFileType = sourcecode.c.objc; path = TMListViewController.m; sourceTree = "<group>"; };
		04DBC53E17A07F49008C6BA4 /* TMListViewController.xib */ = {isa = PBXFileReference; fileEncoding = 4; lastKnownFileType = file.xib; path = TMListViewController.xib; sourceTree = "<group>"; };
		04DBC54417A09DA8008C6BA4 /* TMBadgeStore.h */ = {isa = PBXFileReference; fileEncoding = 4; lastKnownFileType = sourcecode.c.h; path = TMBadgeStore.h; sourceTree = "<group>"; };
		04DBC54517A09DA8008C6BA4 /* TMBadgeStore.m */ = {isa = PBXFileReference; fileEncoding = 4; lastKnownFileType = sourcecode.c.objc; path = TMBadgeStore.m; sourceTree = "<group>"; };
		04DBC54717A0A154008C6BA4 /* TMBadge.h */ = {isa = PBXFileReference; fileEncoding = 4; lastKnownFileType = sourcecode.c.h; path = TMBadge.h; sourceTree = "<group>"; };
		04DBC54817A0A154008C6BA4 /* TMBadge.m */ = {isa = PBXFileReference; fileEncoding = 4; lastKnownFileType = sourcecode.c.objc; path = TMBadge.m; sourceTree = "<group>"; };
		04DBC54A17A0D53B008C6BA4 /* exceedBadge.png */ = {isa = PBXFileReference; lastKnownFileType = image.png; path = exceedBadge.png; sourceTree = "<group>"; };
		04DBC54B17A0D53B008C6BA4 /* withinBadge.png */ = {isa = PBXFileReference; lastKnownFileType = image.png; path = withinBadge.png; sourceTree = "<group>"; };
		04F373C5178CE53700550202 /* timer-start.png */ = {isa = PBXFileReference; lastKnownFileType = image.png; path = "timer-start.png"; sourceTree = "<group>"; };
		04F373C6178CE53700550202 /* timer-restart.png */ = {isa = PBXFileReference; lastKnownFileType = image.png; path = "timer-restart.png"; sourceTree = "<group>"; };
		04F373C7178CE53700550202 /* timer-stop.png */ = {isa = PBXFileReference; lastKnownFileType = image.png; path = "timer-stop.png"; sourceTree = "<group>"; };
		96126527178FABE500D01039 /* info_btn.png */ = {isa = PBXFileReference; lastKnownFileType = image.png; path = info_btn.png; sourceTree = "<group>"; };
		96126529178FABEE00D01039 /* smile_face_small.png */ = {isa = PBXFileReference; lastKnownFileType = image.png; path = smile_face_small.png; sourceTree = "<group>"; };
/* End PBXFileReference section */

/* Begin PBXFrameworksBuildPhase section */
		040385F11778C08000166686 /* Frameworks */ = {
			isa = PBXFrameworksBuildPhase;
			buildActionMask = 2147483647;
			files = (
				040386431779184300166686 /* QuartzCore.framework in Frameworks */,
				040385F81778C08000166686 /* UIKit.framework in Frameworks */,
				040385FA1778C08000166686 /* Foundation.framework in Frameworks */,
				040385FC1778C08000166686 /* CoreGraphics.framework in Frameworks */,
				040385FE1778C08000166686 /* CoreData.framework in Frameworks */,
			);
			runOnlyForDeploymentPostprocessing = 0;
		};
/* End PBXFrameworksBuildPhase section */

/* Begin PBXGroup section */
		040385EB1778C08000166686 = {
			isa = PBXGroup;
			children = (
				040385FF1778C08000166686 /* TimingMate_v2 */,
				040385F61778C08000166686 /* Frameworks */,
				040385F51778C08000166686 /* Products */,
			);
			sourceTree = "<group>";
		};
		040385F51778C08000166686 /* Products */ = {
			isa = PBXGroup;
			children = (
				040385F41778C08000166686 /* TimingMate_v2.app */,
			);
			name = Products;
			sourceTree = "<group>";
		};
		040385F61778C08000166686 /* Frameworks */ = {
			isa = PBXGroup;
			children = (
				040386421779184300166686 /* QuartzCore.framework */,
				040385F71778C08000166686 /* UIKit.framework */,
				040385F91778C08000166686 /* Foundation.framework */,
				040385FB1778C08000166686 /* CoreGraphics.framework */,
				040385FD1778C08000166686 /* CoreData.framework */,
			);
			name = Frameworks;
			sourceTree = "<group>";
		};
		040385FF1778C08000166686 /* TimingMate_v2 */ = {
			isa = PBXGroup;
			children = (
				040386191778C0C700166686 /* TimingMate_v2.entitlements */,
				040E5C38177FAA7900EEE7CB /* TMGlobal.h */,
				040E5C39177FAA7900EEE7CB /* TMGlobal.m */,
				040E5C531780EB1D00EEE7CB /* TMTimer.h */,
				040E5C541780EB1E00EEE7CB /* TMTimer.m */,
				040386081778C08000166686 /* TMAppDelegate.h */,
				040386091778C08000166686 /* TMAppDelegate.m */,
				0410841F177AC3A400B17949 /* TableViewCell */,
				0403863417790AC200166686 /* Controllers */,
				04E8EF65177CF7750005D4EA /* Models */,
				04E8EF69177D23C10005D4EA /* Stores */,
				040386311779096100166686 /* ThirdParty */,
				040386001778C08000166686 /* Supporting Files */,
			);
			path = TimingMate_v2;
			sourceTree = "<group>";
		};
		040386001778C08000166686 /* Supporting Files */ = {
			isa = PBXGroup;
			children = (
				040386111778C08000166686 /* TimingMate_v2.xcdatamodeld */,
				040386301778F31C00166686 /* Resources */,
			);
			name = "Supporting Files";
			sourceTree = "<group>";
		};
		040386301778F31C00166686 /* Resources */ = {
			isa = PBXGroup;
			children = (
				04D9924D17A251CB006ADC74 /* progress.png */,
				04D9924917A24F65006ADC74 /* arrow_1.png */,
				04D9924A17A24F65006ADC74 /* arrow_2.png */,
				04DBC54A17A0D53B008C6BA4 /* exceedBadge.png */,
				04DBC54B17A0D53B008C6BA4 /* withinBadge.png */,
				04DBC52617A07DF6008C6BA4 /* lessInfo_22inch.png */,
				96126529178FABEE00D01039 /* smile_face_small.png */,
				96126527178FABE500D01039 /* info_btn.png */,
				04648333178E9C27007E0DF0 /* icon_57 */,
				0464832D178E9B13007E0DF0 /* icon.png */,
				0464832B178E935E007E0DF0 /* list_done_btn.png */,
				04648329178E91A6007E0DF0 /* list_edit_btn_2.png */,
				04648327178E90AF007E0DF0 /* list_edit_btn.png */,
				04F373C5178CE53700550202 /* timer-start.png */,
				04F373C6178CE53700550202 /* timer-restart.png */,
				04F373C7178CE53700550202 /* timer-stop.png */,
				040E5C5617810F9F00EEE7CB /* victory_small.png */,
				040E5C471780B43300EEE7CB /* engage.png */,
				040E5C481780B43300EEE7CB /* finish.png */,
				040E5C491780B43300EEE7CB /* trash.png */,
				040386011778C08000166686 /* TimingMate_v2-Info.plist */,
				040386021778C08000166686 /* InfoPlist.strings */,
				040386231778F30A00166686 /* lessInfo.png */,
				040386241778F30A00166686 /* List-icon.png */,
				040386221778F30A00166686 /* add.png */,
				0410841B177A834100B17949 /* cellBg.png */,
				0410841C177A834100B17949 /* moreInfo_22inch.png */,
				040386251778F30A00166686 /* media-play.png */,
				040386261778F30A00166686 /* moreInfo.png */,
				040386271778F30A00166686 /* progressBar.png */,
				040386281778F30A00166686 /* Timeline-List-Grid-List-icon.png */,
				040386051778C08000166686 /* main.m */,
				040386071778C08000166686 /* TimingMate_v2-Prefix.pch */,
				0403860B1778C08000166686 /* Default.png */,
				0403860D1778C08000166686 /* Default@2x.png */,
				0403860F1778C08000166686 /* Default-568h@2x.png */,
			);
			name = Resources;
			sourceTree = "<group>";
		};
		040386311779096100166686 /* ThirdParty */ = {
			isa = PBXGroup;
			children = (
				0403863F1779145B00166686 /* DDMenuController.h */,
				040386401779145B00166686 /* DDMenuController.m */,
			);
			name = ThirdParty;
			sourceTree = "<group>";
		};
		0403863417790AC200166686 /* Controllers */ = {
			isa = PBXGroup;
			children = (
				0403863617790B2300166686 /* ListController */,
				0403863517790B0F00166686 /* TaskController */,
				04108426177CBF2300B17949 /* EditTaskController */,
			);
			name = Controllers;
			sourceTree = "<group>";
		};
		0403863517790B0F00166686 /* TaskController */ = {
			isa = PBXGroup;
			children = (
				0403861A1778C71900166686 /* TMTaskViewController.h */,
				0403861B1778C71900166686 /* TMTaskViewController.m */,
				040386201778D35A00166686 /* TMTaskViewController.xib */,
			);
			name = TaskController;
			sourceTree = "<group>";
		};
		0403863617790B2300166686 /* ListController */ = {
			isa = PBXGroup;
			children = (
				04DBC53C17A07F49008C6BA4 /* TMListViewController.h */,
				04DBC53D17A07F49008C6BA4 /* TMListViewController.m */,
				04DBC53E17A07F49008C6BA4 /* TMListViewController.xib */,
			);
			name = ListController;
			sourceTree = "<group>";
		};
		0410841F177AC3A400B17949 /* TableViewCell */ = {
			isa = PBXGroup;
			children = (
				04108420177AC9C000B17949 /* TMListsViewEditableCell.h */,
				04108421177AC9C000B17949 /* TMListsViewEditableCell.m */,
				04108422177AC9C000B17949 /* TMListsViewEditableCell.xib */,
			);
			name = TableViewCell;
			sourceTree = "<group>";
		};
		04108426177CBF2300B17949 /* EditTaskController */ = {
			isa = PBXGroup;
			children = (
				04DBC53717A07EEB008C6BA4 /* TMEditTaskViewController.h */,
				04DBC53817A07EEB008C6BA4 /* TMEditTaskViewController.m */,
				04DBC53917A07EEB008C6BA4 /* TMEditTaskViewController.xib */,
			);
			name = EditTaskController;
			sourceTree = "<group>";
		};
		04E8EF65177CF7750005D4EA /* Models */ = {
			isa = PBXGroup;
			children = (
				04DBC52817A07E48008C6BA4 /* TMListItem.h */,
				04DBC52917A07E48008C6BA4 /* TMListItem.m */,
				04DBC52A17A07E48008C6BA4 /* TMTask.h */,
				04DBC52B17A07E48008C6BA4 /* TMTask.m */,
				04DBC54717A0A154008C6BA4 /* TMBadge.h */,
				04DBC54817A0A154008C6BA4 /* TMBadge.m */,
			);
			name = Models;
			sourceTree = "<group>";
		};
		04E8EF69177D23C10005D4EA /* Stores */ = {
			isa = PBXGroup;
			children = (
				04DBC52E17A07EB9008C6BA4 /* TMListStore.h */,
				04DBC52F17A07EB9008C6BA4 /* TMListStore.m */,
				04DBC53017A07EB9008C6BA4 /* TMTaskStore.h */,
				04DBC53117A07EB9008C6BA4 /* TMTaskStore.m */,
				04DBC53217A07EB9008C6BA4 /* TMViewControllerStore.h */,
				04DBC53317A07EB9008C6BA4 /* TMViewControllerStore.m */,
				04DBC54417A09DA8008C6BA4 /* TMBadgeStore.h */,
				04DBC54517A09DA8008C6BA4 /* TMBadgeStore.m */,
			);
			name = Stores;
			sourceTree = "<group>";
		};
/* End PBXGroup section */

/* Begin PBXNativeTarget section */
		040385F31778C08000166686 /* TimingMate_v2 */ = {
			isa = PBXNativeTarget;
			buildConfigurationList = 040386161778C08000166686 /* Build configuration list for PBXNativeTarget "TimingMate_v2" */;
			buildPhases = (
				040385F01778C08000166686 /* Sources */,
				040385F11778C08000166686 /* Frameworks */,
				040385F21778C08000166686 /* Resources */,
			);
			buildRules = (
			);
			dependencies = (
			);
			name = TimingMate_v2;
			productName = TimingMate_v2;
			productReference = 040385F41778C08000166686 /* TimingMate_v2.app */;
			productType = "com.apple.product-type.application";
		};
/* End PBXNativeTarget section */

/* Begin PBXProject section */
		040385EC1778C08000166686 /* Project object */ = {
			isa = PBXProject;
			attributes = {
				CLASSPREFIX = TM;
				LastUpgradeCheck = 0460;
				ORGANIZATIONNAME = fafa;
			};
			buildConfigurationList = 040385EF1778C08000166686 /* Build configuration list for PBXProject "TimingMate_v2" */;
			compatibilityVersion = "Xcode 3.2";
			developmentRegion = English;
			hasScannedForEncodings = 0;
			knownRegions = (
				en,
			);
			mainGroup = 040385EB1778C08000166686;
			productRefGroup = 040385F51778C08000166686 /* Products */;
			projectDirPath = "";
			projectRoot = "";
			targets = (
				040385F31778C08000166686 /* TimingMate_v2 */,
			);
		};
/* End PBXProject section */

/* Begin PBXResourcesBuildPhase section */
		040385F21778C08000166686 /* Resources */ = {
			isa = PBXResourcesBuildPhase;
			buildActionMask = 2147483647;
			files = (
				040386041778C08000166686 /* InfoPlist.strings in Resources */,
				0403860C1778C08000166686 /* Default.png in Resources */,
				0403860E1778C08000166686 /* Default@2x.png in Resources */,
				040386101778C08000166686 /* Default-568h@2x.png in Resources */,
				040386211778D35A00166686 /* TMTaskViewController.xib in Resources */,
				040386291778F30A00166686 /* add.png in Resources */,
				0403862A1778F30A00166686 /* lessInfo.png in Resources */,
				0403862B1778F30A00166686 /* List-icon.png in Resources */,
				0403862C1778F30A00166686 /* media-play.png in Resources */,
				0403862D1778F30A00166686 /* moreInfo.png in Resources */,
				0403862E1778F30A00166686 /* progressBar.png in Resources */,
				0403862F1778F30A00166686 /* Timeline-List-Grid-List-icon.png in Resources */,
				0410841D177A834100B17949 /* cellBg.png in Resources */,
				0410841E177A834100B17949 /* moreInfo_22inch.png in Resources */,
				04108424177AC9C000B17949 /* TMListsViewEditableCell.xib in Resources */,
				040E5C4A1780B43300EEE7CB /* engage.png in Resources */,
				040E5C4B1780B43300EEE7CB /* finish.png in Resources */,
				040E5C4C1780B43300EEE7CB /* trash.png in Resources */,
				040E5C5717810F9F00EEE7CB /* victory_small.png in Resources */,
				04F373C8178CE53700550202 /* timer-start.png in Resources */,
				04F373C9178CE53700550202 /* timer-restart.png in Resources */,
				04F373CA178CE53700550202 /* timer-stop.png in Resources */,
				04648328178E90AF007E0DF0 /* list_edit_btn.png in Resources */,
				0464832A178E91A6007E0DF0 /* list_edit_btn_2.png in Resources */,
				0464832C178E935E007E0DF0 /* list_done_btn.png in Resources */,
				0464832E178E9B13007E0DF0 /* icon.png in Resources */,
				04648334178E9C27007E0DF0 /* icon_57 in Resources */,
				96126528178FABE500D01039 /* info_btn.png in Resources */,
				9612652A178FABEE00D01039 /* smile_face_small.png in Resources */,
				04DBC52717A07DF6008C6BA4 /* lessInfo_22inch.png in Resources */,
				04DBC53B17A07EEB008C6BA4 /* TMEditTaskViewController.xib in Resources */,
				04DBC54017A07F49008C6BA4 /* TMListViewController.xib in Resources */,
				04DBC54C17A0D53B008C6BA4 /* exceedBadge.png in Resources */,
				04DBC54D17A0D53B008C6BA4 /* withinBadge.png in Resources */,
				04D9924B17A24F65006ADC74 /* arrow_1.png in Resources */,
				04D9924C17A24F65006ADC74 /* arrow_2.png in Resources */,
				04D9924E17A251CB006ADC74 /* progress.png in Resources */,
			);
			runOnlyForDeploymentPostprocessing = 0;
		};
/* End PBXResourcesBuildPhase section */

/* Begin PBXSourcesBuildPhase section */
		040385F01778C08000166686 /* Sources */ = {
			isa = PBXSourcesBuildPhase;
			buildActionMask = 2147483647;
			files = (
				040386061778C08000166686 /* main.m in Sources */,
				0403860A1778C08000166686 /* TMAppDelegate.m in Sources */,
				040386131778C08000166686 /* TimingMate_v2.xcdatamodeld in Sources */,
				0403861C1778C71900166686 /* TMTaskViewController.m in Sources */,
				040386411779145B00166686 /* DDMenuController.m in Sources */,
				04108423177AC9C000B17949 /* TMListsViewEditableCell.m in Sources */,
				040E5C3A177FAA7900EEE7CB /* TMGlobal.m in Sources */,
				040E5C551780EB1F00EEE7CB /* TMTimer.m in Sources */,
				04DBC52C17A07E48008C6BA4 /* TMListItem.m in Sources */,
				04DBC52D17A07E48008C6BA4 /* TMTask.m in Sources */,
				04DBC53417A07EB9008C6BA4 /* TMListStore.m in Sources */,
				04DBC53517A07EB9008C6BA4 /* TMTaskStore.m in Sources */,
				04DBC53617A07EB9008C6BA4 /* TMViewControllerStore.m in Sources */,
				04DBC53A17A07EEB008C6BA4 /* TMEditTaskViewController.m in Sources */,
				04DBC53F17A07F49008C6BA4 /* TMListViewController.m in Sources */,
				04DBC54617A09DA8008C6BA4 /* TMBadgeStore.m in Sources */,
				04DBC54917A0A154008C6BA4 /* TMBadge.m in Sources */,
			);
			runOnlyForDeploymentPostprocessing = 0;
		};
/* End PBXSourcesBuildPhase section */

/* Begin PBXVariantGroup section */
		040386021778C08000166686 /* InfoPlist.strings */ = {
			isa = PBXVariantGroup;
			children = (
				040386031778C08000166686 /* en */,
			);
			name = InfoPlist.strings;
			sourceTree = "<group>";
		};
/* End PBXVariantGroup section */

/* Begin XCBuildConfiguration section */
		040386141778C08000166686 /* Debug */ = {
			isa = XCBuildConfiguration;
			buildSettings = {
				ALWAYS_SEARCH_USER_PATHS = NO;
				CLANG_CXX_LANGUAGE_STANDARD = "gnu++0x";
				CLANG_CXX_LIBRARY = "libc++";
				CLANG_ENABLE_OBJC_ARC = YES;
				CLANG_WARN_CONSTANT_CONVERSION = YES;
				CLANG_WARN_EMPTY_BODY = YES;
				CLANG_WARN_ENUM_CONVERSION = YES;
				CLANG_WARN_INT_CONVERSION = YES;
				CLANG_WARN__DUPLICATE_METHOD_MATCH = YES;
				"CODE_SIGN_IDENTITY[sdk=iphoneos*]" = "iPhone Developer";
				COPY_PHASE_STRIP = NO;
				GCC_C_LANGUAGE_STANDARD = gnu99;
				GCC_DYNAMIC_NO_PIC = NO;
				GCC_OPTIMIZATION_LEVEL = 0;
				GCC_PREPROCESSOR_DEFINITIONS = (
					"DEBUG=1",
					"$(inherited)",
				);
				GCC_SYMBOLS_PRIVATE_EXTERN = NO;
				GCC_WARN_ABOUT_RETURN_TYPE = YES;
				GCC_WARN_UNINITIALIZED_AUTOS = YES;
				GCC_WARN_UNUSED_VARIABLE = YES;
				IPHONEOS_DEPLOYMENT_TARGET = 6.1;
				ONLY_ACTIVE_ARCH = YES;
				SDKROOT = iphoneos;
			};
			name = Debug;
		};
		040386151778C08000166686 /* Release */ = {
			isa = XCBuildConfiguration;
			buildSettings = {
				ALWAYS_SEARCH_USER_PATHS = NO;
				CLANG_CXX_LANGUAGE_STANDARD = "gnu++0x";
				CLANG_CXX_LIBRARY = "libc++";
				CLANG_ENABLE_OBJC_ARC = YES;
				CLANG_WARN_CONSTANT_CONVERSION = YES;
				CLANG_WARN_EMPTY_BODY = YES;
				CLANG_WARN_ENUM_CONVERSION = YES;
				CLANG_WARN_INT_CONVERSION = YES;
				CLANG_WARN__DUPLICATE_METHOD_MATCH = YES;
				"CODE_SIGN_IDENTITY[sdk=iphoneos*]" = "iPhone Developer";
				COPY_PHASE_STRIP = YES;
				GCC_C_LANGUAGE_STANDARD = gnu99;
				GCC_WARN_ABOUT_RETURN_TYPE = YES;
				GCC_WARN_UNINITIALIZED_AUTOS = YES;
				GCC_WARN_UNUSED_VARIABLE = YES;
				IPHONEOS_DEPLOYMENT_TARGET = 6.1;
				OTHER_CFLAGS = "-DNS_BLOCK_ASSERTIONS=1";
				SDKROOT = iphoneos;
				VALIDATE_PRODUCT = YES;
			};
			name = Release;
		};
		040386171778C08000166686 /* Debug */ = {
			isa = XCBuildConfiguration;
			buildSettings = {
				GCC_PRECOMPILE_PREFIX_HEADER = YES;
				GCC_PREFIX_HEADER = "TimingMate_v2/TimingMate_v2-Prefix.pch";
				INFOPLIST_FILE = "TimingMate_v2/TimingMate_v2-Info.plist";
				PRODUCT_NAME = "$(TARGET_NAME)";
				WRAPPER_EXTENSION = app;
			};
			name = Debug;
		};
		040386181778C08000166686 /* Release */ = {
			isa = XCBuildConfiguration;
			buildSettings = {
				GCC_PRECOMPILE_PREFIX_HEADER = YES;
				GCC_PREFIX_HEADER = "TimingMate_v2/TimingMate_v2-Prefix.pch";
				INFOPLIST_FILE = "TimingMate_v2/TimingMate_v2-Info.plist";
				PRODUCT_NAME = "$(TARGET_NAME)";
				WRAPPER_EXTENSION = app;
			};
			name = Release;
		};
/* End XCBuildConfiguration section */

/* Begin XCConfigurationList section */
		040385EF1778C08000166686 /* Build configuration list for PBXProject "TimingMate_v2" */ = {
			isa = XCConfigurationList;
			buildConfigurations = (
				040386141778C08000166686 /* Debug */,
				040386151778C08000166686 /* Release */,
			);
			defaultConfigurationIsVisible = 0;
			defaultConfigurationName = Release;
		};
		040386161778C08000166686 /* Build configuration list for PBXNativeTarget "TimingMate_v2" */ = {
			isa = XCConfigurationList;
			buildConfigurations = (
				040386171778C08000166686 /* Debug */,
				040386181778C08000166686 /* Release */,
			);
			defaultConfigurationIsVisible = 0;
			defaultConfigurationName = Release;
		};
/* End XCConfigurationList section */

/* Begin XCVersionGroup section */
		040386111778C08000166686 /* TimingMate_v2.xcdatamodeld */ = {
			isa = XCVersionGroup;
			children = (
				040386121778C08000166686 /* TimingMate_v2.xcdatamodel */,
			);
			currentVersion = 040386121778C08000166686 /* TimingMate_v2.xcdatamodel */;
			path = TimingMate_v2.xcdatamodeld;
			sourceTree = "<group>";
			versionGroupType = wrapper.xcdatamodel;
		};
/* End XCVersionGroup section */
	};
	rootObject = 040385EC1778C08000166686 /* Project object */;
}
